{
    "_readme": [
        "This file locks the dependencies of your project to a known state",
        "Read more about it at https://getcomposer.org/doc/01-basic-usage.md#installing-dependencies",
        "This file is @generated automatically"
    ],
    "content-hash": "4d730fc47fc0e7448772734143f18180",
    "packages": [
        {
            "name": "spondonit/service",
            "version": "dev-master",
            "source": {
                "type": "git",
                "url": "https://gitlab.com/spn4/service.git",
                "reference": "8a0125ad00276d546c193a4051dd7bd7b5063c1d"
            },
            "dist": {
                "type": "zip",
                "url": "https://gitlab.com/api/v4/projects/spn4%2Fservice/repository/archive.zip?sha=8a0125ad00276d546c193a4051dd7bd7b5063c1d",
                "reference": "8a0125ad00276d546c193a4051dd7bd7b5063c1d",
                "shasum": ""
            },
            "default-branch": true,
            "type": "library",
            "extra": {
                "laravel": {
                    "providers": [
                        "SpondonIt\\Service\\SpondonItServicePorvider"
                    ]
                }
            },
            "autoload": {
                "psr-4": {
                    "SpondonIt\\Service\\": "src/"
                },
                "files": [
                    "helpers/helper.php"
                ]
            },
            "notification-url": "https://packagist.org/downloads/",
            "license": [
                "MIT"
            ],
            "authors": [
                {
                    "name": "spondonit",
                    "email": "hello@spondonit.com"
                }
            ],
            "description": "Basic Service Provider for Spondonit application",
            "support": {
                "issues": "https://gitlab.com/api/v4/projects/23165125/issues"
            },
            "time": "2021-02-25T14:41:23+00:00"
        }
    ],
    "packages-dev": [],
    "aliases": [],
    "minimum-stability": "dev",
    "stability-flags": {
        "spondonit/service": 20
    },
    "prefer-stable": false,
    "prefer-lowest": false,
    "platform": [],
    "platform-dev": [],
    "plugin-api-version": "2.0.0"
}
